{
  "lockfile_version": "1",
  "packages": {
    "flux@latest": {
      "last_modified": "2025-07-28T17:09:23Z",
      "resolved": "github:NixOS/nixpkgs/648f70160c03151bc2121d179291337ad6bc564b#flux",
      "source": "devbox-search",
      "version": "2013-09-20",
      "systems": {
        "aarch64-darwin": {
          "outputs": [
            {
              "name": "out",
              "path": "/nix/store/llmkn0z2237bd9whfbjy0abc8cj17nwz-flux-2013-09-20",
              "default": true
            }
          ],
          "store_path": "/nix/store/llmkn0z2237bd9whfbjy0abc8cj17nwz-flux-2013-09-20"
        },
        "aarch64-linux": {
          "outputs": [
            {
              "name": "out",
              "path": "/nix/store/wf6smsnxk4mgsmfnssymn8v7q0xicyda-flux-2013-09-20",
              "default": true
            }
          ],
          "store_path": "/nix/store/wf6smsnxk4mgsmfnssymn8v7q0xicyda-flux-2013-09-20"
        },
        "x86_64-darwin": {
          "outputs": [
            {
              "name": "out",
              "path": "/nix/store/j0p5nq3599qc2abi62ca4qs1yy8wdr7x-flux-2013-09-20",
              "default": true
            }
          ],
          "store_path": "/nix/store/j0p5nq3599qc2abi62ca4qs1yy8wdr7x-flux-2013-09-20"
        },
        "x86_64-linux": {
          "outputs": [
            {
              "name": "out",
              "path": "/nix/store/56q1mg3hq3mas48j1fd08xhq5b8wdhhk-flux-2013-09-20",
              "default": true
            }
          ],
          "store_path": "/nix/store/56q1mg3hq3mas48j1fd08xhq5b8wdhhk-flux-2013-09-20"
        }
      }
    },
    "fluxcd@latest": {
      "last_modified": "2025-07-17T10:11:59Z",
      "resolved": "github:NixOS/nixpkgs/fa0ef8a6bb1651aa26c939aeb51b5f499e86b0ec#fluxcd",
      "source": "devbox-search",
      "version": "2.6.4",
      "systems": {
        "aarch64-darwin": {
          "outputs": [
            {
              "name": "out",
              "path": "/nix/store/ryjwdxklvkar3fy7wpv2d3hph0qyn6ml-fluxcd-2.6.4",
              "default": true
            }
          ],
          "store_path": "/nix/store/ryjwdxklvkar3fy7wpv2d3hph0qyn6ml-fluxcd-2.6.4"
        },
        "aarch64-linux": {
          "outputs": [
            {
              "name": "out",
              "path": "/nix/store/0azjabblakb5j23594j2jygbk1q59pj0-fluxcd-2.6.4",
              "default": true
            }
          ],
          "store_path": "/nix/store/0azjabblakb5j23594j2jygbk1q59pj0-fluxcd-2.6.4"
        },
        "x86_64-darwin": {
          "outputs": [
            {
              "name": "out",
              "path": "/nix/store/jj6gnvjmdlqvq25862xrpxlcx7j8lssm-fluxcd-2.6.4",
              "default": true
            }
          ],
          "store_path": "/nix/store/jj6gnvjmdlqvq25862xrpxlcx7j8lssm-fluxcd-2.6.4"
        },
        "x86_64-linux": {
          "outputs": [
            {
              "name": "out",
              "path": "/nix/store/wjnncfxi7xd3nyk6jghqgjf5bp1adqap-fluxcd-2.6.4",
              "default": true
            }
          ],
          "store_path": "/nix/store/wjnncfxi7xd3nyk6jghqgjf5bp1adqap-fluxcd-2.6.4"
        }
      }
    },
    "github:NixOS/nixpkgs/nixpkgs-unstable": {
      "last_modified": "2025-07-08T04:39:49Z",
      "resolved": "github:NixOS/nixpkgs/9b008d60392981ad674e04016d25619281550a9d?lastModified=1751949589&narHash=sha256-mgFxAPLWw0Kq%2BC8P3dRrZrOYEQXOtKuYVlo9xvPntt8%3D"
    },
    "kn@latest": {
      "last_modified": "2025-07-13T22:45:35Z",
      "resolved": "github:NixOS/nixpkgs/a421ac6595024edcfbb1ef950a3712b89161c359#kn",
      "source": "devbox-search",
      "version": "1.18.0",
      "systems": {
        "aarch64-darwin": {
          "outputs": [
            {
              "name": "out",
              "path": "/nix/store/bq729nbdvlsc4gc5d7hcpf97r31rfrjc-kn-1.18.0",
              "default": true
            }
          ],
          "store_path": "/nix/store/bq729nbdvlsc4gc5d7hcpf97r31rfrjc-kn-1.18.0"
        },
        "aarch64-linux": {
          "outputs": [
            {
              "name": "out",
              "path": "/nix/store/815gz2bgh167nmj6j2gnrh4132p94k3k-kn-1.18.0",
              "default": true
            }
          ],
          "store_path": "/nix/store/815gz2bgh167nmj6j2gnrh4132p94k3k-kn-1.18.0"
        },
        "x86_64-darwin": {
          "outputs": [
            {
              "name": "out",
              "path": "/nix/store/pc41pf06qwq8zva8zv7znhvrl0wgcp34-kn-1.18.0",
              "default": true
            }
          ],
          "store_path": "/nix/store/pc41pf06qwq8zva8zv7znhvrl0wgcp34-kn-1.18.0"
        },
        "x86_64-linux": {
          "outputs": [
            {
              "name": "out",
              "path": "/nix/store/xxxnc4zh5b9gqrw0mldljz550bd995wv-kn-1.18.0",
              "default": true
            }
          ],
          "store_path": "/nix/store/xxxnc4zh5b9gqrw0mldljz550bd995wv-kn-1.18.0"
        }
      }
    },
    "kubectl@latest": {
      "last_modified": "2025-07-24T15:00:16Z",
      "resolved": "github:NixOS/nixpkgs/b74a30dbc0a72e20df07d43109339f780b439291#kubectl",
      "source": "devbox-search",
      "version": "1.33.3",
      "systems": {
        "aarch64-darwin": {
          "outputs": [
            {
              "name": "out",
              "path": "/nix/store/m1fvpyk9mw3fp23wqlxihh6w0r4fhkmd-kubectl-1.33.3",
              "default": true
            },
            {
              "name": "man",
              "path": "/nix/store/w2bqn3a6vaj45qxja5c8gmbc99a8wkir-kubectl-1.33.3-man",
              "default": true
            },
            {
              "name": "convert",
              "path": "/nix/store/yignn45z556cckx8aldc9c4n5g2a884v-kubectl-1.33.3-convert"
            }
          ],
          "store_path": "/nix/store/m1fvpyk9mw3fp23wqlxihh6w0r4fhkmd-kubectl-1.33.3"
        },
        "aarch64-linux": {
          "outputs": [
            {
              "name": "out",
              "path": "/nix/store/5ddd4yyckqy2q46qbj96yw852f392sww-kubectl-1.33.3",
              "default": true
            },
            {
              "name": "man",
              "path": "/nix/store/rj9cbximfac01n3pyaiql1yscnnjgg1z-kubectl-1.33.3-man",
              "default": true
            },
            {
              "name": "convert",
              "path": "/nix/store/m4ignprpqqxm4lybn031058z3wqiq4j5-kubectl-1.33.3-convert"
            }
          ],
          "store_path": "/nix/store/5ddd4yyckqy2q46qbj96yw852f392sww-kubectl-1.33.3"
        },
        "x86_64-darwin": {
          "outputs": [
            {
              "name": "out",
              "path": "/nix/store/rabhlqv7mw9ffcjcqrs1jvga36hkvpck-kubectl-1.33.3",
              "default": true
            },
            {
              "name": "man",
              "path": "/nix/store/fmgpj9i1yvxnmq6snjhir22wp38kzzcl-kubectl-1.33.3-man",
              "default": true
            },
            {
              "name": "convert",
              "path": "/nix/store/b858yc4m20pmai391qzcn2frmjzq7m79-kubectl-1.33.3-convert"
            }
          ],
          "store_path": "/nix/store/rabhlqv7mw9ffcjcqrs1jvga36hkvpck-kubectl-1.33.3"
        },
        "x86_64-linux": {
          "outputs": [
            {
              "name": "out",
              "path": "/nix/store/54khy589jd9ishmn4m8mn25hjizn281r-kubectl-1.33.3",
              "default": true
            },
            {
              "name": "man",
              "path": "/nix/store/nmp3jif091rnknyqyrpfyigdsb08sb18-kubectl-1.33.3-man",
              "default": true
            },
            {
              "name": "convert",
              "path": "/nix/store/6jjapcx8pp0axqylg2scc36hdzhl7fz1-kubectl-1.33.3-convert"
            }
          ],
          "store_path": "/nix/store/54khy589jd9ishmn4m8mn25hjizn281r-kubectl-1.33.3"
        }
      }
    },
    "sops@latest": {
      "last_modified": "2025-07-13T22:45:35Z",
      "resolved": "github:NixOS/nixpkgs/a421ac6595024edcfbb1ef950a3712b89161c359#sops",
      "source": "devbox-search",
      "version": "3.10.2",
      "systems": {
        "aarch64-darwin": {
          "outputs": [
            {
              "name": "out",
              "path": "/nix/store/fkc06y4dygwpv8gimsi4wbpv9xq6xpb3-sops-3.10.2",
              "default": true
            }
          ],
          "store_path": "/nix/store/fkc06y4dygwpv8gimsi4wbpv9xq6xpb3-sops-3.10.2"
        },
        "aarch64-linux": {
          "outputs": [
            {
              "name": "out",
              "path": "/nix/store/wqwl73gwsa8zmh82ipwcqax1vy6i94n5-sops-3.10.2",
              "default": true
            }
          ],
          "store_path": "/nix/store/wqwl73gwsa8zmh82ipwcqax1vy6i94n5-sops-3.10.2"
        },
        "x86_64-darwin": {
          "outputs": [
            {
              "name": "out",
              "path": "/nix/store/hb23vk62wc8xwbvq08zaj009ns0h5m86-sops-3.10.2",
              "default": true
            }
          ],
          "store_path": "/nix/store/hb23vk62wc8xwbvq08zaj009ns0h5m86-sops-3.10.2"
        },
        "x86_64-linux": {
          "outputs": [
            {
              "name": "out",
              "path": "/nix/store/9l0zr28qj0k68m4pw8iggf2fm1drjaby-sops-3.10.2",
              "default": true
            }
          ],
          "store_path": "/nix/store/9l0zr28qj0k68m4pw8iggf2fm1drjaby-sops-3.10.2"
        }
      }
    },
    "yaml-language-server@latest": {
      "last_modified": "2025-10-07T08:41:47Z",
      "resolved": "github:NixOS/nixpkgs/bce5fe2bb998488d8e7e7856315f90496723793c#yaml-language-server",
      "source": "devbox-search",
      "version": "1.18.0",
      "systems": {
        "aarch64-darwin": {
          "outputs": [
            {
              "name": "out",
              "path": "/nix/store/1rj0c1zwbjkc9xjdxlbkvczlkd808kcm-yaml-language-server-1.18.0",
              "default": true
            }
          ],
          "store_path": "/nix/store/1rj0c1zwbjkc9xjdxlbkvczlkd808kcm-yaml-language-server-1.18.0"
        },
        "aarch64-linux": {
          "outputs": [
            {
              "name": "out",
              "path": "/nix/store/lr9dh6y8f55lxssxx76s2h5l27wv8sq6-yaml-language-server-1.18.0",
              "default": true
            }
          ],
          "store_path": "/nix/store/lr9dh6y8f55lxssxx76s2h5l27wv8sq6-yaml-language-server-1.18.0"
        },
        "x86_64-darwin": {
          "outputs": [
            {
              "name": "out",
              "path": "/nix/store/lyjlkmnw9pr3821d1h4b2mkcrsh9yy16-yaml-language-server-1.18.0",
              "default": true
            }
          ],
          "store_path": "/nix/store/lyjlkmnw9pr3821d1h4b2mkcrsh9yy16-yaml-language-server-1.18.0"
        },
        "x86_64-linux": {
          "outputs": [
            {
              "name": "out",
              "path": "/nix/store/q3in1cjrjj0y55pkqr86a492ffb3v61w-yaml-language-server-1.18.0",
              "default": true
            }
          ],
          "store_path": "/nix/store/q3in1cjrjj0y55pkqr86a492ffb3v61w-yaml-language-server-1.18.0"
        }
      }
    },
    "yamlfmt@latest": {
      "last_modified": "2025-09-18T16:33:27Z",
      "resolved": "github:NixOS/nixpkgs/f4b140d5b253f5e2a1ff4e5506edbf8267724bde#yamlfmt",
      "source": "devbox-search",
      "version": "0.17.2",
      "systems": {
        "aarch64-darwin": {
          "outputs": [
            {
              "name": "out",
              "path": "/nix/store/rp4qzpva9kk8hjp2zyla9xbvgyavpdzd-yamlfmt-0.17.2",
              "default": true
            }
          ],
          "store_path": "/nix/store/rp4qzpva9kk8hjp2zyla9xbvgyavpdzd-yamlfmt-0.17.2"
        },
        "aarch64-linux": {
          "outputs": [
            {
              "name": "out",
              "path": "/nix/store/4a1wyg20sdygn3gg8mbkn0ikhbjwhfyr-yamlfmt-0.17.2",
              "default": true
            }
          ],
          "store_path": "/nix/store/4a1wyg20sdygn3gg8mbkn0ikhbjwhfyr-yamlfmt-0.17.2"
        },
        "x86_64-darwin": {
          "outputs": [
            {
              "name": "out",
              "path": "/nix/store/zsy96qr1m8xblxxcj51i2pb6d1k56msc-yamlfmt-0.17.2",
              "default": true
            }
          ],
          "store_path": "/nix/store/zsy96qr1m8xblxxcj51i2pb6d1k56msc-yamlfmt-0.17.2"
        },
        "x86_64-linux": {
          "outputs": [
            {
              "name": "out",
              "path": "/nix/store/dqppd19fbmn4d2082jkl0946rp2z0j9n-yamlfmt-0.17.2",
              "default": true
            }
          ],
          "store_path": "/nix/store/dqppd19fbmn4d2082jkl0946rp2z0j9n-yamlfmt-0.17.2"
        }
      }
    },
    "yamllint@latest": {
      "last_modified": "2025-09-18T16:33:27Z",
      "resolved": "github:NixOS/nixpkgs/f4b140d5b253f5e2a1ff4e5506edbf8267724bde#yamllint",
      "source": "devbox-search",
      "version": "1.37.1",
      "systems": {
        "aarch64-darwin": {
          "outputs": [
            {
              "name": "out",
              "path": "/nix/store/1ajlhkwnvxnirqacd95ccvcp4n4a2l6d-python3.13-yamllint-1.37.1",
              "default": true
            },
            {
              "name": "dist",
              "path": "/nix/store/nc9v27cadla3hzarrypl7xqv714aj851-python3.13-yamllint-1.37.1-dist"
            }
          ],
          "store_path": "/nix/store/1ajlhkwnvxnirqacd95ccvcp4n4a2l6d-python3.13-yamllint-1.37.1"
        },
        "aarch64-linux": {
          "outputs": [
            {
              "name": "out",
              "path": "/nix/store/wdn4zyww6gv95lhz0jvcfrf0an4vfbjf-python3.13-yamllint-1.37.1",
              "default": true
            },
            {
              "name": "dist",
              "path": "/nix/store/llpps8kklgvx2m7xa8vnbfhcdrkirii7-python3.13-yamllint-1.37.1-dist"
            }
          ],
          "store_path": "/nix/store/wdn4zyww6gv95lhz0jvcfrf0an4vfbjf-python3.13-yamllint-1.37.1"
        },
        "x86_64-darwin": {
          "outputs": [
            {
              "name": "out",
              "path": "/nix/store/6yfzxvgkr2v043462sm2h6g2pjkm506n-python3.13-yamllint-1.37.1",
              "default": true
            },
            {
              "name": "dist",
              "path": "/nix/store/hjh468yvb9nrw6jhizirvrjym8ngq35q-python3.13-yamllint-1.37.1-dist"
            }
          ],
          "store_path": "/nix/store/6yfzxvgkr2v043462sm2h6g2pjkm506n-python3.13-yamllint-1.37.1"
        },
        "x86_64-linux": {
          "outputs": [
            {
              "name": "out",
              "path": "/nix/store/0v7zz7l98yw23xwk2j4fkccbj36dpjml-python3.13-yamllint-1.37.1",
              "default": true
            },
            {
              "name": "dist",
              "path": "/nix/store/wpnf4f2x6qjkkk31s0505qiima771vxw-python3.13-yamllint-1.37.1-dist"
            }
          ],
          "store_path": "/nix/store/0v7zz7l98yw23xwk2j4fkccbj36dpjml-python3.13-yamllint-1.37.1"
        }
      }
    }
  }
}
